
Microsoft Visual Studio Solution File, Format Version 12.00
# Visual Studio Version 17
VisualStudioVersion = 17.5.002.0
MinimumVisualStudioVersion = 10.0.40219.1
Project("{9A19103F-16F7-4668-BE54-9A1E7A4F7556}") = "UnitTestMoqFinal", "UnitTestMoqFinal\UnitTestMoqFinal.csproj", "{0C410FD9-500E-44BE-833F-D6489172733A}"
EndProject
Project("{FAE04EC0-301F-11D3-BF4B-00C04F79EFBC}") = "UnitTestMoqFinal.Tests", "UnitTestMoqFinal.Tests\UnitTestMoqFinal.Tests.csproj", "{1911F66C-252F-43F3-9892-09D01110CC52}"
EndProject
Global
	GlobalSection(SolutionConfigurationPlatforms) = preSolution
		Debug|Any CPU = Debug|Any CPU
		Release|Any CPU = Release|Any CPU
	EndGlobalSection
	GlobalSection(ProjectConfigurationPlatforms) = postSolution
		{0C410FD9-500E-44BE-833F-D6489172733A}.Debug|Any CPU.ActiveCfg = Debug|Any CPU
		{0C410FD9-500E-44BE-833F-D6489172733A}.Debug|Any CPU.Build.0 = Debug|Any CPU
		{0C410FD9-500E-44BE-833F-D6489172733A}.Release|Any CPU.ActiveCfg = Release|Any CPU
		{0C410FD9-500E-44BE-833F-D6489172733A}.Release|Any CPU.Build.0 = Release|Any CPU
		{1911F66C-252F-43F3-9892-09D01110CC52}.Debug|Any CPU.ActiveCfg = Debug|Any CPU
		{1911F66C-252F-43F3-9892-09D01110CC52}.Debug|Any CPU.Build.0 = Debug|Any CPU
		{1911F66C-252F-43F3-9892-09D01110CC52}.Release|Any CPU.ActiveCfg = Release|Any CPU
		{1911F66C-252F-43F3-9892-09D01110CC52}.Release|Any CPU.Build.0 = Release|Any CPU
	EndGlobalSection
	GlobalSection(SolutionProperties) = preSolution
		HideSolutionNode = FALSE
	EndGlobalSection
	GlobalSection(ExtensibilityGlobals) = postSolution
		SolutionGuid = {E1071D35-9ECB-4890-98DB-3B41BFEDF929}
	EndGlobalSection
EndGlobal
